
Microsoft Visual Studio Solution File, Format Version 12.00
# Visual Studio Version 16
VisualStudioVersion = 16.0.30011.22
MinimumVisualStudioVersion = 10.0.40219.1
Project("{9A19103F-16F7-4668-BE54-9A1E7A4F7556}") = "AI War", "AI War.csproj", "{A1CD517D-7E46-4E3C-8D2B-F2D16A8736BB}"
EndProject
Global
	GlobalSection(SolutionConfigurationPlatforms) = preSolution
		Debug|Any CPU = Debug|Any CPU
		Release|Any CPU = Release|Any CPU
	EndGlobalSection
	GlobalSection(ProjectConfigurationPlatforms) = postSolution
		{A1CD517D-7E46-4E3C-8D2B-F2D16A8736BB}.Debug|Any CPU.ActiveCfg = Debug|Any CPU
		{A1CD517D-7E46-4E3C-8D2B-F2D16A8736BB}.Debug|Any CPU.Build.0 = Debug|Any CPU
		{A1CD517D-7E46-4E3C-8D2B-F2D16A8736BB}.Release|Any CPU.ActiveCfg = Release|Any CPU
		{A1CD517D-7E46-4E3C-8D2B-F2D16A8736BB}.Release|Any CPU.Build.0 = Release|Any CPU
	EndGlobalSection
	GlobalSection(SolutionProperties) = preSolution
		HideSolutionNode = FALSE
	EndGlobalSection
	GlobalSection(ExtensibilityGlobals) = postSolution
		SolutionGuid = {5FFFDA15-3367-401E-AB22-BD163E9953C7}
	EndGlobalSection
EndGlobal
